
Microsoft Visual Studio Solution File, Format Version 12.00
# Visual Studio Version 16
VisualStudioVersion = 16.0.30804.86
MinimumVisualStudioVersion = 10.0.40219.1
Project("{FAE04EC0-301F-11D3-BF4B-00C04F79EFBC}") = "WebRPG", "WebRPG\WebRPG.csproj", "{844641CF-7387-4651-9DFE-EAA1587699EA}"
EndProject
Global
	GlobalSection(SolutionConfigurationPlatforms) = preSolution
		Debug|Any CPU = Debug|Any CPU
		Release|Any CPU = Release|Any CPU
	EndGlobalSection
	GlobalSection(ProjectConfigurationPlatforms) = postSolution
		{844641CF-7387-4651-9DFE-EAA1587699EA}.Debug|Any CPU.ActiveCfg = Debug|Any CPU
		{844641CF-7387-4651-9DFE-EAA1587699EA}.Debug|Any CPU.Build.0 = Debug|Any CPU
		{844641CF-7387-4651-9DFE-EAA1587699EA}.Release|Any CPU.ActiveCfg = Release|Any CPU
		{844641CF-7387-4651-9DFE-EAA1587699EA}.Release|Any CPU.Build.0 = Release|Any CPU
	EndGlobalSection
	GlobalSection(SolutionProperties) = preSolution
		HideSolutionNode = FALSE
	EndGlobalSection
	GlobalSection(ExtensibilityGlobals) = postSolution
		SolutionGuid = {0B8A52A7-8586-41E4-A66E-61B39FD6AF5D}
	EndGlobalSection
EndGlobal
